// !$*UTF8*$!
{
	archiveVersion = 1;
	classes = {
	};
	objectVersion = 56;
	objects = {

/* Begin PBXBuildFile section */
		C217FF3529ABC29100BB317F /* AppDelegate.swift in Sources */ = {isa = PBXBuildFile; fileRef = C217FF3429ABC29100BB317F /* AppDelegate.swift */; };
		C217FF3729ABC29100BB317F /* SceneDelegate.swift in Sources */ = {isa = PBXBuildFile; fileRef = C217FF3629ABC29100BB317F /* SceneDelegate.swift */; };
		C217FF3C29ABC29100BB317F /* Main.storyboard in Resources */ = {isa = PBXBuildFile; fileRef = C217FF3A29ABC29100BB317F /* Main.storyboard */; };
		C217FF3E29ABC29300BB317F /* Assets.xcassets in Resources */ = {isa = PBXBuildFile; fileRef = C217FF3D29ABC29300BB317F /* Assets.xcassets */; };
		C217FF4129ABC29300BB317F /* LaunchScreen.storyboard in Resources */ = {isa = PBXBuildFile; fileRef = C217FF3F29ABC29300BB317F /* LaunchScreen.storyboard */; };
		C217FF4C29ABC29300BB317F /* CSTVTests.swift in Sources */ = {isa = PBXBuildFile; fileRef = C217FF4B29ABC29300BB317F /* CSTVTests.swift */; };
		C217FF5629ABC29300BB317F /* CSTVUITests.swift in Sources */ = {isa = PBXBuildFile; fileRef = C217FF5529ABC29300BB317F /* CSTVUITests.swift */; };
		C217FF5829ABC29300BB317F /* CSTVUITestsLaunchTests.swift in Sources */ = {isa = PBXBuildFile; fileRef = C217FF5729ABC29300BB317F /* CSTVUITestsLaunchTests.swift */; };
		C217FF6729ABC40900BB317F /* MatchListViewController.swift in Sources */ = {isa = PBXBuildFile; fileRef = C217FF6629ABC40900BB317F /* MatchListViewController.swift */; };
		C217FF6929ABC46500BB317F /* MatchService.swift in Sources */ = {isa = PBXBuildFile; fileRef = C217FF6829ABC46500BB317F /* MatchService.swift */; };
		C217FF6C29ABC4A300BB317F /* Alamofire in Frameworks */ = {isa = PBXBuildFile; productRef = C217FF6B29ABC4A300BB317F /* Alamofire */; };
		C217FF6F29ABC4CE00BB317F /* RxCocoa in Frameworks */ = {isa = PBXBuildFile; productRef = C217FF6E29ABC4CE00BB317F /* RxCocoa */; };
		C217FF7129ABC4CE00BB317F /* RxSwift in Frameworks */ = {isa = PBXBuildFile; productRef = C217FF7029ABC4CE00BB317F /* RxSwift */; };
		C217FF7329ABCB0B00BB317F /* MatchCell.swift in Sources */ = {isa = PBXBuildFile; fileRef = C217FF7229ABCB0B00BB317F /* MatchCell.swift */; };
/* End PBXBuildFile section */

/* Begin PBXContainerItemProxy section */
		C217FF4829ABC29300BB317F /* PBXContainerItemProxy */ = {
			isa = PBXContainerItemProxy;
			containerPortal = C217FF2929ABC29100BB317F /* Project object */;
			proxyType = 1;
			remoteGlobalIDString = C217FF3029ABC29100BB317F;
			remoteInfo = CSTV;
		};
		C217FF5229ABC29300BB317F /* PBXContainerItemProxy */ = {
			isa = PBXContainerItemProxy;
			containerPortal = C217FF2929ABC29100BB317F /* Project object */;
			proxyType = 1;
			remoteGlobalIDString = C217FF3029ABC29100BB317F;
			remoteInfo = CSTV;
		};
/* End PBXContainerItemProxy section */

/* Begin PBXFileReference section */
		C217FF3129ABC29100BB317F /* CSTV.app */ = {isa = PBXFileReference; explicitFileType = wrapper.application; includeInIndex = 0; path = CSTV.app; sourceTree = BUILT_PRODUCTS_DIR; };
		C217FF3429ABC29100BB317F /* AppDelegate.swift */ = {isa = PBXFileReference; lastKnownFileType = sourcecode.swift; path = AppDelegate.swift; sourceTree = "<group>"; };
		C217FF3629ABC29100BB317F /* SceneDelegate.swift */ = {isa = PBXFileReference; lastKnownFileType = sourcecode.swift; path = SceneDelegate.swift; sourceTree = "<group>"; };
		C217FF3B29ABC29100BB317F /* Base */ = {isa = PBXFileReference; lastKnownFileType = file.storyboard; name = Base; path = Base.lproj/Main.storyboard; sourceTree = "<group>"; };
		C217FF3D29ABC29300BB317F /* Assets.xcassets */ = {isa = PBXFileReference; lastKnownFileType = folder.assetcatalog; path = Assets.xcassets; sourceTree = "<group>"; };
		C217FF4029ABC29300BB317F /* Base */ = {isa = PBXFileReference; lastKnownFileType = file.storyboard; name = Base; path = Base.lproj/LaunchScreen.storyboard; sourceTree = "<group>"; };
		C217FF4229ABC29300BB317F /* Info.plist */ = {isa = PBXFileReference; lastKnownFileType = text.plist.xml; path = Info.plist; sourceTree = "<group>"; };
		C217FF4729ABC29300BB317F /* CSTVTests.xctest */ = {isa = PBXFileReference; explicitFileType = wrapper.cfbundle; includeInIndex = 0; path = CSTVTests.xctest; sourceTree = BUILT_PRODUCTS_DIR; };
		C217FF4B29ABC29300BB317F /* CSTVTests.swift */ = {isa = PBXFileReference; lastKnownFileType = sourcecode.swift; path = CSTVTests.swift; sourceTree = "<group>"; };
		C217FF5129ABC29300BB317F /* CSTVUITests.xctest */ = {isa = PBXFileReference; explicitFileType = wrapper.cfbundle; includeInIndex = 0; path = CSTVUITests.xctest; sourceTree = BUILT_PRODUCTS_DIR; };
		C217FF5529ABC29300BB317F /* CSTVUITests.swift */ = {isa = PBXFileReference; lastKnownFileType = sourcecode.swift; path = CSTVUITests.swift; sourceTree = "<group>"; };
		C217FF5729ABC29300BB317F /* CSTVUITestsLaunchTests.swift */ = {isa = PBXFileReference; lastKnownFileType = sourcecode.swift; path = CSTVUITestsLaunchTests.swift; sourceTree = "<group>"; };
		C217FF6629ABC40900BB317F /* MatchListViewController.swift */ = {isa = PBXFileReference; lastKnownFileType = sourcecode.swift; path = MatchListViewController.swift; sourceTree = "<group>"; };
		C217FF6829ABC46500BB317F /* MatchService.swift */ = {isa = PBXFileReference; lastKnownFileType = sourcecode.swift; path = MatchService.swift; sourceTree = "<group>"; };
		C217FF7229ABCB0B00BB317F /* MatchCell.swift */ = {isa = PBXFileReference; lastKnownFileType = sourcecode.swift; path = MatchCell.swift; sourceTree = "<group>"; };
/* End PBXFileReference section */

/* Begin PBXFrameworksBuildPhase section */
		C217FF2E29ABC29100BB317F /* Frameworks */ = {
			isa = PBXFrameworksBuildPhase;
			buildActionMask = 2147483647;
			files = (
				C217FF7129ABC4CE00BB317F /* RxSwift in Frameworks */,
				C217FF6F29ABC4CE00BB317F /* RxCocoa in Frameworks */,
				C217FF6C29ABC4A300BB317F /* Alamofire in Frameworks */,
			);
			runOnlyForDeploymentPostprocessing = 0;
		};
		C217FF4429ABC29300BB317F /* Frameworks */ = {
			isa = PBXFrameworksBuildPhase;
			buildActionMask = 2147483647;
			files = (
			);
			runOnlyForDeploymentPostprocessing = 0;
		};
		C217FF4E29ABC29300BB317F /* Frameworks */ = {
			isa = PBXFrameworksBuildPhase;
			buildActionMask = 2147483647;
			files = (
			);
			runOnlyForDeploymentPostprocessing = 0;
		};
/* End PBXFrameworksBuildPhase section */

/* Begin PBXGroup section */
		C217FF2829ABC29100BB317F = {
			isa = PBXGroup;
			children = (
				C217FF3329ABC29100BB317F /* CSTV */,
				C217FF4A29ABC29300BB317F /* CSTVTests */,
				C217FF5429ABC29300BB317F /* CSTVUITests */,
				C217FF3229ABC29100BB317F /* Products */,
			);
			sourceTree = "<group>";
		};
		C217FF3229ABC29100BB317F /* Products */ = {
			isa = PBXGroup;
			children = (
				C217FF3129ABC29100BB317F /* CSTV.app */,
				C217FF4729ABC29300BB317F /* CSTVTests.xctest */,
				C217FF5129ABC29300BB317F /* CSTVUITests.xctest */,
			);
			name = Products;
			sourceTree = "<group>";
		};
		C217FF3329ABC29100BB317F /* CSTV */ = {
			isa = PBXGroup;
			children = (
				C217FF3429ABC29100BB317F /* AppDelegate.swift */,
				C217FF3629ABC29100BB317F /* SceneDelegate.swift */,
				C217FF3A29ABC29100BB317F /* Main.storyboard */,
				C217FF6629ABC40900BB317F /* MatchListViewController.swift */,
				C217FF7229ABCB0B00BB317F /* MatchCell.swift */,
				C217FF6829ABC46500BB317F /* MatchService.swift */,
				C217FF3D29ABC29300BB317F /* Assets.xcassets */,
				C217FF3F29ABC29300BB317F /* LaunchScreen.storyboard */,
				C217FF4229ABC29300BB317F /* Info.plist */,
			);
			path = CSTV;
			sourceTree = "<group>";
		};
		C217FF4A29ABC29300BB317F /* CSTVTests */ = {
			isa = PBXGroup;
			children = (
				C217FF4B29ABC29300BB317F /* CSTVTests.swift */,
			);
			path = CSTVTests;
			sourceTree = "<group>";
		};
		C217FF5429ABC29300BB317F /* CSTVUITests */ = {
			isa = PBXGroup;
			children = (
				C217FF5529ABC29300BB317F /* CSTVUITests.swift */,
				C217FF5729ABC29300BB317F /* CSTVUITestsLaunchTests.swift */,
			);
			path = CSTVUITests;
			sourceTree = "<group>";
		};
/* End PBXGroup section */

/* Begin PBXNativeTarget section */
		C217FF3029ABC29100BB317F /* CSTV */ = {
			isa = PBXNativeTarget;
			buildConfigurationList = C217FF5B29ABC29300BB317F /* Build configuration list for PBXNativeTarget "CSTV" */;
			buildPhases = (
				C217FF2D29ABC29100BB317F /* Sources */,
				C217FF2E29ABC29100BB317F /* Frameworks */,
				C217FF2F29ABC29100BB317F /* Resources */,
			);
			buildRules = (
			);
			dependencies = (
			);
			name = CSTV;
			packageProductDependencies = (
				C217FF6B29ABC4A300BB317F /* Alamofire */,
				C217FF6E29ABC4CE00BB317F /* RxCocoa */,
				C217FF7029ABC4CE00BB317F /* RxSwift */,
			);
			productName = CSTV;
			productReference = C217FF3129ABC29100BB317F /* CSTV.app */;
			productType = "com.apple.product-type.application";
		};
		C217FF4629ABC29300BB317F /* CSTVTests */ = {
			isa = PBXNativeTarget;
			buildConfigurationList = C217FF5E29ABC29300BB317F /* Build configuration list for PBXNativeTarget "CSTVTests" */;
			buildPhases = (
				C217FF4329ABC29300BB317F /* Sources */,
				C217FF4429ABC29300BB317F /* Frameworks */,
				C217FF4529ABC29300BB317F /* Resources */,
			);
			buildRules = (
			);
			dependencies = (
				C217FF4929ABC29300BB317F /* PBXTargetDependency */,
			);
			name = CSTVTests;
			productName = CSTVTests;
			productReference = C217FF4729ABC29300BB317F /* CSTVTests.xctest */;
			productType = "com.apple.product-type.bundle.unit-test";
		};
		C217FF5029ABC29300BB317F /* CSTVUITests */ = {
			isa = PBXNativeTarget;
			buildConfigurationList = C217FF6129ABC29300BB317F /* Build configuration list for PBXNativeTarget "CSTVUITests" */;
			buildPhases = (
				C217FF4D29ABC29300BB317F /* Sources */,
				C217FF4E29ABC29300BB317F /* Frameworks */,
				C217FF4F29ABC29300BB317F /* Resources */,
			);
			buildRules = (
			);
			dependencies = (
				C217FF5329ABC29300BB317F /* PBXTargetDependency */,
			);
			name = CSTVUITests;
			productName = CSTVUITests;
			productReference = C217FF5129ABC29300BB317F /* CSTVUITests.xctest */;
			productType = "com.apple.product-type.bundle.ui-testing";
		};
/* End PBXNativeTarget section */

/* Begin PBXProject section */
		C217FF2929ABC29100BB317F /* Project object */ = {
			isa = PBXProject;
			attributes = {
				BuildIndependentTargetsInParallel = 1;
				LastSwiftUpdateCheck = 1420;
				LastUpgradeCheck = 1420;
				TargetAttributes = {
					C217FF3029ABC29100BB317F = {
						CreatedOnToolsVersion = 14.2;
					};
					C217FF4629ABC29300BB317F = {
						CreatedOnToolsVersion = 14.2;
						TestTargetID = C217FF3029ABC29100BB317F;
					};
					C217FF5029ABC29300BB317F = {
						CreatedOnToolsVersion = 14.2;
						TestTargetID = C217FF3029ABC29100BB317F;
					};
				};
			};
			buildConfigurationList = C217FF2C29ABC29100BB317F /* Build configuration list for PBXProject "CSTV" */;
			compatibilityVersion = "Xcode 14.0";
			developmentRegion = en;
			hasScannedForEncodings = 0;
			knownRegions = (
				en,
				Base,
			);
			mainGroup = C217FF2829ABC29100BB317F;
			packageReferences = (
				C217FF6A29ABC4A300BB317F /* XCRemoteSwiftPackageReference "Alamofire" */,
				C217FF6D29ABC4CE00BB317F /* XCRemoteSwiftPackageReference "RxSwift" */,
			);
			productRefGroup = C217FF3229ABC29100BB317F /* Products */;
			projectDirPath = "";
			projectRoot = "";
			targets = (
				C217FF3029ABC29100BB317F /* CSTV */,
				C217FF4629ABC29300BB317F /* CSTVTests */,
				C217FF5029ABC29300BB317F /* CSTVUITests */,
			);
		};
/* End PBXProject section */

/* Begin PBXResourcesBuildPhase section */
		C217FF2F29ABC29100BB317F /* Resources */ = {
			isa = PBXResourcesBuildPhase;
			buildActionMask = 2147483647;
			files = (
				C217FF4129ABC29300BB317F /* LaunchScreen.storyboard in Resources */,
				C217FF3E29ABC29300BB317F /* Assets.xcassets in Resources */,
				C217FF3C29ABC29100BB317F /* Main.storyboard in Resources */,
			);
			runOnlyForDeploymentPostprocessing = 0;
		};
		C217FF4529ABC29300BB317F /* Resources */ = {
			isa = PBXResourcesBuildPhase;
			buildActionMask = 2147483647;
			files = (
			);
			runOnlyForDeploymentPostprocessing = 0;
		};
		C217FF4F29ABC29300BB317F /* Resources */ = {
			isa = PBXResourcesBuildPhase;
			buildActionMask = 2147483647;
			files = (
			);
			runOnlyForDeploymentPostprocessing = 0;
		};
/* End PBXResourcesBuildPhase section */

/* Begin PBXSourcesBuildPhase section */
		C217FF2D29ABC29100BB317F /* Sources */ = {
			isa = PBXSourcesBuildPhase;
			buildActionMask = 2147483647;
			files = (
				C217FF7329ABCB0B00BB317F /* MatchCell.swift in Sources */,
				C217FF3529ABC29100BB317F /* AppDelegate.swift in Sources */,
				C217FF3729ABC29100BB317F /* SceneDelegate.swift in Sources */,
				C217FF6729ABC40900BB317F /* MatchListViewController.swift in Sources */,
				C217FF6929ABC46500BB317F /* MatchService.swift in Sources */,
			);
			runOnlyForDeploymentPostprocessing = 0;
		};
		C217FF4329ABC29300BB317F /* Sources */ = {
			isa = PBXSourcesBuildPhase;
			buildActionMask = 2147483647;
			files = (
				C217FF4C29ABC29300BB317F /* CSTVTests.swift in Sources */,
			);
			runOnlyForDeploymentPostprocessing = 0;
		};
		C217FF4D29ABC29300BB317F /* Sources */ = {
			isa = PBXSourcesBuildPhase;
			buildActionMask = 2147483647;
			files = (
				C217FF5829ABC29300BB317F /* CSTVUITestsLaunchTests.swift in Sources */,
				C217FF5629ABC29300BB317F /* CSTVUITests.swift in Sources */,
			);
			runOnlyForDeploymentPostprocessing = 0;
		};
/* End PBXSourcesBuildPhase section */

/* Begin PBXTargetDependency section */
		C217FF4929ABC29300BB317F /* PBXTargetDependency */ = {
			isa = PBXTargetDependency;
			target = C217FF3029ABC29100BB317F /* CSTV */;
			targetProxy = C217FF4829ABC29300BB317F /* PBXContainerItemProxy */;
		};
		C217FF5329ABC29300BB317F /* PBXTargetDependency */ = {
			isa = PBXTargetDependency;
			target = C217FF3029ABC29100BB317F /* CSTV */;
			targetProxy = C217FF5229ABC29300BB317F /* PBXContainerItemProxy */;
		};
/* End PBXTargetDependency section */

/* Begin PBXVariantGroup section */
		C217FF3A29ABC29100BB317F /* Main.storyboard */ = {
			isa = PBXVariantGroup;
			children = (
				C217FF3B29ABC29100BB317F /* Base */,
			);
			name = Main.storyboard;
			sourceTree = "<group>";
		};
		C217FF3F29ABC29300BB317F /* LaunchScreen.storyboard */ = {
			isa = PBXVariantGroup;
			children = (
				C217FF4029ABC29300BB317F /* Base */,
			);
			name = LaunchScreen.storyboard;
			sourceTree = "<group>";
		};
/* End PBXVariantGroup section */

/* Begin XCBuildConfiguration section */
		C217FF5929ABC29300BB317F /* Debug */ = {
			isa = XCBuildConfiguration;
			buildSettings = {
				ALWAYS_SEARCH_USER_PATHS = NO;
				CLANG_ANALYZER_NONNULL = YES;
				CLANG_ANALYZER_NUMBER_OBJECT_CONVERSION = YES_AGGRESSIVE;
				CLANG_CXX_LANGUAGE_STANDARD = "gnu++20";
				CLANG_ENABLE_MODULES = YES;
				CLANG_ENABLE_OBJC_ARC = YES;
				CLANG_ENABLE_OBJC_WEAK = YES;
				CLANG_WARN_BLOCK_CAPTURE_AUTORELEASING = YES;
				CLANG_WARN_BOOL_CONVERSION = YES;
				CLANG_WARN_COMMA = YES;
				CLANG_WARN_CONSTANT_CONVERSION = YES;
				CLANG_WARN_DEPRECATED_OBJC_IMPLEMENTATIONS = YES;
				CLANG_WARN_DIRECT_OBJC_ISA_USAGE = YES_ERROR;
				CLANG_WARN_DOCUMENTATION_COMMENTS = YES;
				CLANG_WARN_EMPTY_BODY = YES;
				CLANG_WARN_ENUM_CONVERSION = YES;
				CLANG_WARN_INFINITE_RECURSION = YES;
				CLANG_WARN_INT_CONVERSION = YES;
				CLANG_WARN_NON_LITERAL_NULL_CONVERSION = YES;
				CLANG_WARN_OBJC_IMPLICIT_RETAIN_SELF = YES;
				CLANG_WARN_OBJC_LITERAL_CONVERSION = YES;
				CLANG_WARN_OBJC_ROOT_CLASS = YES_ERROR;
				CLANG_WARN_QUOTED_INCLUDE_IN_FRAMEWORK_HEADER = YES;
				CLANG_WARN_RANGE_LOOP_ANALYSIS = YES;
				CLANG_WARN_STRICT_PROTOTYPES = YES;
				CLANG_WARN_SUSPICIOUS_MOVE = YES;
				CLANG_WARN_UNGUARDED_AVAILABILITY = YES_AGGRESSIVE;
				CLANG_WARN_UNREACHABLE_CODE = YES;
				CLANG_WARN__DUPLICATE_METHOD_MATCH = YES;
				COPY_PHASE_STRIP = NO;
				DEBUG_INFORMATION_FORMAT = dwarf;
				ENABLE_STRICT_OBJC_MSGSEND = YES;
				ENABLE_TESTABILITY = YES;
				GCC_C_LANGUAGE_STANDARD = gnu11;
				GCC_DYNAMIC_NO_PIC = NO;
				GCC_NO_COMMON_BLOCKS = YES;
				GCC_OPTIMIZATION_LEVEL = 0;
				GCC_PREPROCESSOR_DEFINITIONS = (
					"DEBUG=1",
					"$(inherited)",
				);
				GCC_WARN_64_TO_32_BIT_CONVERSION = YES;
				GCC_WARN_ABOUT_RETURN_TYPE = YES_ERROR;
				GCC_WARN_UNDECLARED_SELECTOR = YES;
				GCC_WARN_UNINITIALIZED_AUTOS = YES_AGGRESSIVE;
				GCC_WARN_UNUSED_FUNCTION = YES;
				GCC_WARN_UNUSED_VARIABLE = YES;
				IPHONEOS_DEPLOYMENT_TARGET = 16.2;
				MTL_ENABLE_DEBUG_INFO = INCLUDE_SOURCE;
				MTL_FAST_MATH = YES;
				ONLY_ACTIVE_ARCH = YES;
				SDKROOT = iphoneos;
				SWIFT_ACTIVE_COMPILATION_CONDITIONS = DEBUG;
				SWIFT_OPTIMIZATION_LEVEL = "-Onone";
			};
			name = Debug;
		};
		C217FF5A29ABC29300BB317F /* Release */ = {
			isa = XCBuildConfiguration;
			buildSettings = {
				ALWAYS_SEARCH_USER_PATHS = NO;
				CLANG_ANALYZER_NONNULL = YES;
				CLANG_ANALYZER_NUMBER_OBJECT_CONVERSION = YES_AGGRESSIVE;
				CLANG_CXX_LANGUAGE_STANDARD = "gnu++20";
				CLANG_ENABLE_MODULES = YES;
				CLANG_ENABLE_OBJC_ARC = YES;
				CLANG_ENABLE_OBJC_WEAK = YES;
				CLANG_WARN_BLOCK_CAPTURE_AUTORELEASING = YES;
				CLANG_WARN_BOOL_CONVERSION = YES;
				CLANG_WARN_COMMA = YES;
				CLANG_WARN_CONSTANT_CONVERSION = YES;
				CLANG_WARN_DEPRECATED_OBJC_IMPLEMENTATIONS = YES;
				CLANG_WARN_DIRECT_OBJC_ISA_USAGE = YES_ERROR;
				CLANG_WARN_DOCUMENTATION_COMMENTS = YES;
				CLANG_WARN_EMPTY_BODY = YES;
				CLANG_WARN_ENUM_CONVERSION = YES;
				CLANG_WARN_INFINITE_RECURSION = YES;
				CLANG_WARN_INT_CONVERSION = YES;
				CLANG_WARN_NON_LITERAL_NULL_CONVERSION = YES;
				CLANG_WARN_OBJC_IMPLICIT_RETAIN_SELF = YES;
				CLANG_WARN_OBJC_LITERAL_CONVERSION = YES;
				CLANG_WARN_OBJC_ROOT_CLASS = YES_ERROR;
				CLANG_WARN_QUOTED_INCLUDE_IN_FRAMEWORK_HEADER = YES;
				CLANG_WARN_RANGE_LOOP_ANALYSIS = YES;
				CLANG_WARN_STRICT_PROTOTYPES = YES;
				CLANG_WARN_SUSPICIOUS_MOVE = YES;
				CLANG_WARN_UNGUARDED_AVAILABILITY = YES_AGGRESSIVE;
				CLANG_WARN_UNREACHABLE_CODE = YES;
				CLANG_WARN__DUPLICATE_METHOD_MATCH = YES;
				COPY_PHASE_STRIP = NO;
				DEBUG_INFORMATION_FORMAT = "dwarf-with-dsym";
				ENABLE_NS_ASSERTIONS = NO;
				ENABLE_STRICT_OBJC_MSGSEND = YES;
				GCC_C_LANGUAGE_STANDARD = gnu11;
				GCC_NO_COMMON_BLOCKS = YES;
				GCC_WARN_64_TO_32_BIT_CONVERSION = YES;
				GCC_WARN_ABOUT_RETURN_TYPE = YES_ERROR;
				GCC_WARN_UNDECLARED_SELECTOR = YES;
				GCC_WARN_UNINITIALIZED_AUTOS = YES_AGGRESSIVE;
				GCC_WARN_UNUSED_FUNCTION = YES;
				GCC_WARN_UNUSED_VARIABLE = YES;
				IPHONEOS_DEPLOYMENT_TARGET = 16.2;
				MTL_ENABLE_DEBUG_INFO = NO;
				MTL_FAST_MATH = YES;
				SDKROOT = iphoneos;
				SWIFT_COMPILATION_MODE = wholemodule;
				SWIFT_OPTIMIZATION_LEVEL = "-O";
				VALIDATE_PRODUCT = YES;
			};
			name = Release;
		};
		C217FF5C29ABC29300BB317F /* Debug */ = {
			isa = XCBuildConfiguration;
			buildSettings = {
				ASSETCATALOG_COMPILER_APPICON_NAME = AppIcon;
				ASSETCATALOG_COMPILER_GLOBAL_ACCENT_COLOR_NAME = AccentColor;
				CODE_SIGN_STYLE = Automatic;
				CURRENT_PROJECT_VERSION = 1;
				GENERATE_INFOPLIST_FILE = YES;
				INFOPLIST_FILE = CSTV/Info.plist;
				INFOPLIST_KEY_UIApplicationSupportsIndirectInputEvents = YES;
				INFOPLIST_KEY_UILaunchStoryboardName = LaunchScreen;
				INFOPLIST_KEY_UIMainStoryboardFile = Main;
				INFOPLIST_KEY_UISupportedInterfaceOrientations_iPad = "UIInterfaceOrientationPortrait UIInterfaceOrientationPortraitUpsideDown UIInterfaceOrientationLandscapeLeft UIInterfaceOrientationLandscapeRight";
				INFOPLIST_KEY_UISupportedInterfaceOrientations_iPhone = "UIInterfaceOrientationPortrait UIInterfaceOrientationLandscapeLeft UIInterfaceOrientationLandscapeRight";
				LD_RUNPATH_SEARCH_PATHS = (
					"$(inherited)",
					"@executable_path/Frameworks",
				);
				MARKETING_VERSION = 1.0;
				PRODUCT_BUNDLE_IDENTIFIER = com.lucasfarah.CSTV;
				PRODUCT_NAME = "$(TARGET_NAME)";
				SWIFT_EMIT_LOC_STRINGS = YES;
				SWIFT_VERSION = 5.0;
				TARGETED_DEVICE_FAMILY = "1,2";
			};
			name = Debug;
		};
		C217FF5D29ABC29300BB317F /* Release */ = {
			isa = XCBuildConfiguration;
			buildSettings = {
				ASSETCATALOG_COMPILER_APPICON_NAME = AppIcon;
				ASSETCATALOG_COMPILER_GLOBAL_ACCENT_COLOR_NAME = AccentColor;
				CODE_SIGN_STYLE = Automatic;
				CURRENT_PROJECT_VERSION = 1;
				GENERATE_INFOPLIST_FILE = YES;
				INFOPLIST_FILE = CSTV/Info.plist;
				INFOPLIST_KEY_UIApplicationSupportsIndirectInputEvents = YES;
				INFOPLIST_KEY_UILaunchStoryboardName = LaunchScreen;
				INFOPLIST_KEY_UIMainStoryboardFile = Main;
				INFOPLIST_KEY_UISupportedInterfaceOrientations_iPad = "UIInterfaceOrientationPortrait UIInterfaceOrientationPortraitUpsideDown UIInterfaceOrientationLandscapeLeft UIInterfaceOrientationLandscapeRight";
				INFOPLIST_KEY_UISupportedInterfaceOrientations_iPhone = "UIInterfaceOrientationPortrait UIInterfaceOrientationLandscapeLeft UIInterfaceOrientationLandscapeRight";
				LD_RUNPATH_SEARCH_PATHS = (
					"$(inherited)",
					"@executable_path/Frameworks",
				);
				MARKETING_VERSION = 1.0;
				PRODUCT_BUNDLE_IDENTIFIER = com.lucasfarah.CSTV;
				PRODUCT_NAME = "$(TARGET_NAME)";
				SWIFT_EMIT_LOC_STRINGS = YES;
				SWIFT_VERSION = 5.0;
				TARGETED_DEVICE_FAMILY = "1,2";
			};
			name = Release;
		};
		C217FF5F29ABC29300BB317F /* Debug */ = {
			isa = XCBuildConfiguration;
			buildSettings = {
				ALWAYS_EMBED_SWIFT_STANDARD_LIBRARIES = YES;
				BUNDLE_LOADER = "$(TEST_HOST)";
				CODE_SIGN_STYLE = Automatic;
				CURRENT_PROJECT_VERSION = 1;
				GENERATE_INFOPLIST_FILE = YES;
				IPHONEOS_DEPLOYMENT_TARGET = 16.2;
				MARKETING_VERSION = 1.0;
				PRODUCT_BUNDLE_IDENTIFIER = com.lucasfarah.CSTVTests;
				PRODUCT_NAME = "$(TARGET_NAME)";
				SWIFT_EMIT_LOC_STRINGS = NO;
				SWIFT_VERSION = 5.0;
				TARGETED_DEVICE_FAMILY = "1,2";
				TEST_HOST = "$(BUILT_PRODUCTS_DIR)/CSTV.app/$(BUNDLE_EXECUTABLE_FOLDER_PATH)/CSTV";
			};
			name = Debug;
		};
		C217FF6029ABC29300BB317F /* Release */ = {
			isa = XCBuildConfiguration;
			buildSettings = {
				ALWAYS_EMBED_SWIFT_STANDARD_LIBRARIES = YES;
				BUNDLE_LOADER = "$(TEST_HOST)";
				CODE_SIGN_STYLE = Automatic;
				CURRENT_PROJECT_VERSION = 1;
				GENERATE_INFOPLIST_FILE = YES;
				IPHONEOS_DEPLOYMENT_TARGET = 16.2;
				MARKETING_VERSION = 1.0;
				PRODUCT_BUNDLE_IDENTIFIER = com.lucasfarah.CSTVTests;
				PRODUCT_NAME = "$(TARGET_NAME)";
				SWIFT_EMIT_LOC_STRINGS = NO;
				SWIFT_VERSION = 5.0;
				TARGETED_DEVICE_FAMILY = "1,2";
				TEST_HOST = "$(BUILT_PRODUCTS_DIR)/CSTV.app/$(BUNDLE_EXECUTABLE_FOLDER_PATH)/CSTV";
			};
			name = Release;
		};
		C217FF6229ABC29300BB317F /* Debug */ = {
			isa = XCBuildConfiguration;
			buildSettings = {
				ALWAYS_EMBED_SWIFT_STANDARD_LIBRARIES = YES;
				CODE_SIGN_STYLE = Automatic;
				CURRENT_PROJECT_VERSION = 1;
				GENERATE_INFOPLIST_FILE = YES;
				MARKETING_VERSION = 1.0;
				PRODUCT_BUNDLE_IDENTIFIER = com.lucasfarah.CSTVUITests;
				PRODUCT_NAME = "$(TARGET_NAME)";
				SWIFT_EMIT_LOC_STRINGS = NO;
				SWIFT_VERSION = 5.0;
				TARGETED_DEVICE_FAMILY = "1,2";
				TEST_TARGET_NAME = CSTV;
			};
			name = Debug;
		};
		C217FF6329ABC29300BB317F /* Release */ = {
			isa = XCBuildConfiguration;
			buildSettings = {
				ALWAYS_EMBED_SWIFT_STANDARD_LIBRARIES = YES;
				CODE_SIGN_STYLE = Automatic;
				CURRENT_PROJECT_VERSION = 1;
				GENERATE_INFOPLIST_FILE = YES;
				MARKETING_VERSION = 1.0;
				PRODUCT_BUNDLE_IDENTIFIER = com.lucasfarah.CSTVUITests;
				PRODUCT_NAME = "$(TARGET_NAME)";
				SWIFT_EMIT_LOC_STRINGS = NO;
				SWIFT_VERSION = 5.0;
				TARGETED_DEVICE_FAMILY = "1,2";
				TEST_TARGET_NAME = CSTV;
			};
			name = Release;
		};
/* End XCBuildConfiguration section */

/* Begin XCConfigurationList section */
		C217FF2C29ABC29100BB317F /* Build configuration list for PBXProject "CSTV" */ = {
			isa = XCConfigurationList;
			buildConfigurations = (
				C217FF5929ABC29300BB317F /* Debug */,
				C217FF5A29ABC29300BB317F /* Release */,
			);
			defaultConfigurationIsVisible = 0;
			defaultConfigurationName = Release;
		};
		C217FF5B29ABC29300BB317F /* Build configuration list for PBXNativeTarget "CSTV" */ = {
			isa = XCConfigurationList;
			buildConfigurations = (
				C217FF5C29ABC29300BB317F /* Debug */,
				C217FF5D29ABC29300BB317F /* Release */,
			);
			defaultConfigurationIsVisible = 0;
			defaultConfigurationName = Release;
		};
		C217FF5E29ABC29300BB317F /* Build configuration list for PBXNativeTarget "CSTVTests" */ = {
			isa = XCConfigurationList;
			buildConfigurations = (
				C217FF5F29ABC29300BB317F /* Debug */,
				C217FF6029ABC29300BB317F /* Release */,
			);
			defaultConfigurationIsVisible = 0;
			defaultConfigurationName = Release;
		};
		C217FF6129ABC29300BB317F /* Build configuration list for PBXNativeTarget "CSTVUITests" */ = {
			isa = XCConfigurationList;
			buildConfigurations = (
				C217FF6229ABC29300BB317F /* Debug */,
				C217FF6329ABC29300BB317F /* Release */,
			);
			defaultConfigurationIsVisible = 0;
			defaultConfigurationName = Release;
		};
/* End XCConfigurationList section */

/* Begin XCRemoteSwiftPackageReference section */
		C217FF6A29ABC4A300BB317F /* XCRemoteSwiftPackageReference "Alamofire" */ = {
			isa = XCRemoteSwiftPackageReference;
			repositoryURL = "https://github.com/Alamofire/Alamofire";
			requirement = {
				kind = upToNextMajorVersion;
				minimumVersion = 5.0.0;
			};
		};
		C217FF6D29ABC4CE00BB317F /* XCRemoteSwiftPackageReference "RxSwift" */ = {
			isa = XCRemoteSwiftPackageReference;
			repositoryURL = "https://github.com/ReactiveX/RxSwift";
			requirement = {
				kind = upToNextMajorVersion;
				minimumVersion = 6.0.0;
			};
		};
/* End XCRemoteSwiftPackageReference section */

/* Begin XCSwiftPackageProductDependency section */
		C217FF6B29ABC4A300BB317F /* Alamofire */ = {
			isa = XCSwiftPackageProductDependency;
			package = C217FF6A29ABC4A300BB317F /* XCRemoteSwiftPackageReference "Alamofire" */;
			productName = Alamofire;
		};
		C217FF6E29ABC4CE00BB317F /* RxCocoa */ = {
			isa = XCSwiftPackageProductDependency;
			package = C217FF6D29ABC4CE00BB317F /* XCRemoteSwiftPackageReference "RxSwift" */;
			productName = RxCocoa;
		};
		C217FF7029ABC4CE00BB317F /* RxSwift */ = {
			isa = XCSwiftPackageProductDependency;
			package = C217FF6D29ABC4CE00BB317F /* XCRemoteSwiftPackageReference "RxSwift" */;
			productName = RxSwift;
		};
/* End XCSwiftPackageProductDependency section */
	};
	rootObject = C217FF2929ABC29100BB317F /* Project object */;
}
